# This file was autogenerated by Stack.
# You should not edit this file by hand.
# For more information, please see the documentation at:
#   https://docs.haskellstack.org/en/stable/lock_files

packages:
- completed:
    hackage: first-class-families-0.5.0.0@sha256:6e1488c502d5b1e780739a53edab65a307c6bf94d4232fab70e696e87f0fa087,1290
    pantry-tree:
      size: 847
      sha256: 9289ea3bef39f4aae774cfe466810ee55989b1ef58de33a7c9668df8b0657b1d
  original:
    hackage: first-class-families-0.5.0.0
snapshots:
- completed:
    size: 491155
    url: https://raw.githubusercontent.com/commercialhaskell/stackage-snapshots/master/lts/13/0.yaml
    sha256: 8d3c33e0feab8e04b9ed31452e0219a2b827ed1338c809f79d986c71a177e6ba
  original: lts-13.0
